
Microsoft Visual Studio Solution File, Format Version 12.00
# Visual Studio Version 16
VisualStudioVersion = 16.0.29409.12
MinimumVisualStudioVersion = 10.0.40219.1
Project("{FAE04EC0-301F-11D3-BF4B-00C04F79EFBC}") = "LogParser", "LogParser\LogParser.csproj", "{D9E23BE9-7729-43D1-8A10-9167A1EE3260}"
EndProject
Project("{FAE04EC0-301F-11D3-BF4B-00C04F79EFBC}") = "LogParser.Model", "LogParser.Model\LogParser.Model.csproj", "{C82E0619-D21A-4F99-A0F9-7480FF5C325E}"
EndProject
Project("{FAE04EC0-301F-11D3-BF4B-00C04F79EFBC}") = "LogParser.UI", "LogParser.UI\LogParser.UI.csproj", "{62DC961B-90A5-4338-917E-8AA272BA787C}"
EndProject
Project("{FAE04EC0-301F-11D3-BF4B-00C04F79EFBC}") = "LogParser.Tests", "LogParser.Tests\LogParser.Tests.csproj", "{24DD59E0-7FE8-4260-9285-11A725CDF5BF}"
EndProject
Global
	GlobalSection(SolutionConfigurationPlatforms) = preSolution
		Debug|Any CPU = Debug|Any CPU
		Release|Any CPU = Release|Any CPU
	EndGlobalSection
	GlobalSection(ProjectConfigurationPlatforms) = postSolution
		{D9E23BE9-7729-43D1-8A10-9167A1EE3260}.Debug|Any CPU.ActiveCfg = Debug|Any CPU
		{D9E23BE9-7729-43D1-8A10-9167A1EE3260}.Debug|Any CPU.Build.0 = Debug|Any CPU
		{D9E23BE9-7729-43D1-8A10-9167A1EE3260}.Release|Any CPU.ActiveCfg = Release|Any CPU
		{D9E23BE9-7729-43D1-8A10-9167A1EE3260}.Release|Any CPU.Build.0 = Release|Any CPU
		{C82E0619-D21A-4F99-A0F9-7480FF5C325E}.Debug|Any CPU.ActiveCfg = Debug|Any CPU
		{C82E0619-D21A-4F99-A0F9-7480FF5C325E}.Debug|Any CPU.Build.0 = Debug|Any CPU
		{C82E0619-D21A-4F99-A0F9-7480FF5C325E}.Release|Any CPU.ActiveCfg = Release|Any CPU
		{C82E0619-D21A-4F99-A0F9-7480FF5C325E}.Release|Any CPU.Build.0 = Release|Any CPU
		{62DC961B-90A5-4338-917E-8AA272BA787C}.Debug|Any CPU.ActiveCfg = Debug|Any CPU
		{62DC961B-90A5-4338-917E-8AA272BA787C}.Debug|Any CPU.Build.0 = Debug|Any CPU
		{62DC961B-90A5-4338-917E-8AA272BA787C}.Release|Any CPU.ActiveCfg = Release|Any CPU
		{62DC961B-90A5-4338-917E-8AA272BA787C}.Release|Any CPU.Build.0 = Release|Any CPU
		{24DD59E0-7FE8-4260-9285-11A725CDF5BF}.Debug|Any CPU.ActiveCfg = Debug|Any CPU
		{24DD59E0-7FE8-4260-9285-11A725CDF5BF}.Debug|Any CPU.Build.0 = Debug|Any CPU
		{24DD59E0-7FE8-4260-9285-11A725CDF5BF}.Release|Any CPU.ActiveCfg = Release|Any CPU
		{24DD59E0-7FE8-4260-9285-11A725CDF5BF}.Release|Any CPU.Build.0 = Release|Any CPU
	EndGlobalSection
	GlobalSection(SolutionProperties) = preSolution
		HideSolutionNode = FALSE
	EndGlobalSection
	GlobalSection(ExtensibilityGlobals) = postSolution
		SolutionGuid = {851DF21D-C3DC-4166-B343-B943DDCA312B}
	EndGlobalSection
EndGlobal
